
Microsoft Visual Studio Solution File, Format Version 12.00
# Visual Studio Version 17
VisualStudioVersion = 17.5.33530.505
MinimumVisualStudioVersion = 10.0.40219.1
Project("{FAE04EC0-301F-11D3-BF4B-00C04F79EFBC}") = "Bank_details", "Bank_details\Bank_details.csproj", "{B75AA929-1F75-4BAA-B239-3B51B2C6D02F}"
EndProject
Global
	GlobalSection(SolutionConfigurationPlatforms) = preSolution
		Debug|Any CPU = Debug|Any CPU
		Release|Any CPU = Release|Any CPU
	EndGlobalSection
	GlobalSection(ProjectConfigurationPlatforms) = postSolution
		{B75AA929-1F75-4BAA-B239-3B51B2C6D02F}.Debug|Any CPU.ActiveCfg = Debug|Any CPU
		{B75AA929-1F75-4BAA-B239-3B51B2C6D02F}.Debug|Any CPU.Build.0 = Debug|Any CPU
		{B75AA929-1F75-4BAA-B239-3B51B2C6D02F}.Release|Any CPU.ActiveCfg = Release|Any CPU
		{B75AA929-1F75-4BAA-B239-3B51B2C6D02F}.Release|Any CPU.Build.0 = Release|Any CPU
	EndGlobalSection
	GlobalSection(SolutionProperties) = preSolution
		HideSolutionNode = FALSE
	EndGlobalSection
	GlobalSection(ExtensibilityGlobals) = postSolution
		SolutionGuid = {E2BC1988-E08A-4C4A-85E2-F4128B86740E}
	EndGlobalSection
EndGlobal
